{
  "name": "fetch",
  "version": "1.0.0",
  "lockfileVersion": 3,
  "requires": true,
  "packages": {
    "": {
      "name": "fetch",
      "version": "1.0.0",
      "license": "ISC",
      "dependencies": {
        "@zeppos/zml": "^0.0.9",
        "blueimp-md5": "^2.19.0"
      },
      "devDependencies": {
        "@zeppos/device-types": "^3.0.0"
      }
    },
    "node_modules/@zeppos/device-types": {
      "version": "3.0.0",
      "resolved": "https://registry.npmjs.org/@zeppos/device-types/-/device-types-3.0.0.tgz",
      "integrity": "sha512-vFd880TxkAaSO2QmLBFIzS0zUXnwRDXlM4FZTdpOgotKpshokOwSTtzIeysf3TIMFSh/wFdbGkkYrUyRxR9w8Q==",
      "dev": true
    },
    "node_modules/@zeppos/zml": {
      "version": "0.0.9",
      "resolved": "https://registry.npmjs.org/@zeppos/zml/-/zml-0.0.9.tgz",
      "integrity": "sha512-D+xQh5Tu58XrFwKFPKPr33FzqIILEtd3vvOfmjclIvEqmuYNtBVKNIRwp7LsQasgtWOsa60iU0asstTxq89UIg=="
    },
    "node_modules/blueimp-md5": {
      "version": "2.19.0",
      "resolved": "https://registry.npmjs.org/blueimp-md5/-/blueimp-md5-2.19.0.tgz",
      "integrity": "sha512-DRQrD6gJyy8FbiE4s+bDoXS9hiW3Vbx5uCdwvcCf3zLHL+Iv7LtGHLpr+GZV8rHG8tK766FGYBwRbu8pELTt+w=="
    }
  }
}
